
Microsoft Visual Studio Solution File, Format Version 12.00
# Visual Studio Version 17
VisualStudioVersion = 17.5.33424.131
MinimumVisualStudioVersion = 10.0.40219.1
Project("{9A19103F-16F7-4668-BE54-9A1E7A4F7556}") = "GuitaraokeWebApp", "GuitaraokeWebApp\GuitaraokeWebApp.csproj", "{9E524C9A-BA08-44A4-801B-26B5B0168E5C}"
EndProject
Project("{9A19103F-16F7-4668-BE54-9A1E7A4F7556}") = "GuitaraokeWebApp.Tests", "GuitaraokeWebApp.Tests\GuitaraokeWebApp.Tests.csproj", "{16832E45-8D8D-40C0-9846-50DB1C5E147C}"
EndProject
Project("{9A19103F-16F7-4668-BE54-9A1E7A4F7556}") = "GuitaraokeBlazorApp", "GuitaraokeBlazorApp\GuitaraokeBlazorApp.csproj", "{E881699D-89A8-4F1D-830B-20BB70B2D9CB}"
EndProject
Project("{9A19103F-16F7-4668-BE54-9A1E7A4F7556}") = "GuitaraokeBlazorApp.Tests", "GuitaraokeBlazorApp.Tests\GuitaraokeBlazorApp.Tests.csproj", "{6757D09C-0DF6-4128-9535-5915F2763425}"
EndProject
Global
	GlobalSection(SolutionConfigurationPlatforms) = preSolution
		Debug|Any CPU = Debug|Any CPU
		Release|Any CPU = Release|Any CPU
	EndGlobalSection
	GlobalSection(ProjectConfigurationPlatforms) = postSolution
		{9E524C9A-BA08-44A4-801B-26B5B0168E5C}.Debug|Any CPU.ActiveCfg = Debug|Any CPU
		{9E524C9A-BA08-44A4-801B-26B5B0168E5C}.Debug|Any CPU.Build.0 = Debug|Any CPU
		{9E524C9A-BA08-44A4-801B-26B5B0168E5C}.Release|Any CPU.ActiveCfg = Release|Any CPU
		{9E524C9A-BA08-44A4-801B-26B5B0168E5C}.Release|Any CPU.Build.0 = Release|Any CPU
		{16832E45-8D8D-40C0-9846-50DB1C5E147C}.Debug|Any CPU.ActiveCfg = Debug|Any CPU
		{16832E45-8D8D-40C0-9846-50DB1C5E147C}.Debug|Any CPU.Build.0 = Debug|Any CPU
		{16832E45-8D8D-40C0-9846-50DB1C5E147C}.Release|Any CPU.ActiveCfg = Release|Any CPU
		{16832E45-8D8D-40C0-9846-50DB1C5E147C}.Release|Any CPU.Build.0 = Release|Any CPU
		{E881699D-89A8-4F1D-830B-20BB70B2D9CB}.Debug|Any CPU.ActiveCfg = Debug|Any CPU
		{E881699D-89A8-4F1D-830B-20BB70B2D9CB}.Debug|Any CPU.Build.0 = Debug|Any CPU
		{E881699D-89A8-4F1D-830B-20BB70B2D9CB}.Release|Any CPU.ActiveCfg = Release|Any CPU
		{E881699D-89A8-4F1D-830B-20BB70B2D9CB}.Release|Any CPU.Build.0 = Release|Any CPU
		{6757D09C-0DF6-4128-9535-5915F2763425}.Debug|Any CPU.ActiveCfg = Debug|Any CPU
		{6757D09C-0DF6-4128-9535-5915F2763425}.Debug|Any CPU.Build.0 = Debug|Any CPU
		{6757D09C-0DF6-4128-9535-5915F2763425}.Release|Any CPU.ActiveCfg = Release|Any CPU
		{6757D09C-0DF6-4128-9535-5915F2763425}.Release|Any CPU.Build.0 = Release|Any CPU
	EndGlobalSection
	GlobalSection(SolutionProperties) = preSolution
		HideSolutionNode = FALSE
	EndGlobalSection
	GlobalSection(ExtensibilityGlobals) = postSolution
		SolutionGuid = {BCEF3822-3B69-4C9B-826D-8248B170A87C}
	EndGlobalSection
EndGlobal
